
Microsoft Visual Studio Solution File, Format Version 12.00
# Visual Studio Version 17
VisualStudioVersion = 17.2.32616.157
MinimumVisualStudioVersion = 10.0.40219.1
Project("{FAE04EC0-301F-11D3-BF4B-00C04F79EFBC}") = "SortNumbers", "SortNumbers.csproj", "{13EFB850-BF51-4F61-AF5A-EA25E61486AE}"
EndProject
Project("{FAE04EC0-301F-11D3-BF4B-00C04F79EFBC}") = "EnglishNameOfTheLastDigit", "..\EnglishNameOfThe Las\EnglishNameOfTheLastDigit.csproj", "{B6AD2D9D-A3DD-4A21-A716-E8BE8FD4581F}"
EndProject
Project("{FAE04EC0-301F-11D3-BF4B-00C04F79EFBC}") = "GamingStore", "..\GamingStore\GamingStore.csproj", "{75EDD9AA-FF4F-42EC-991E-DDAFEB2922DC}"
EndProject
Project("{FAE04EC0-301F-11D3-BF4B-00C04F79EFBC}") = "ReverseString", "..\ReverseString\ReverseString.csproj", "{D7374DDE-5ED4-449A-92AF-DA321C759CE1}"
EndProject
Project("{FAE04EC0-301F-11D3-BF4B-00C04F79EFBC}") = "Messages", "..\Messages\Messages.csproj", "{F7E5EB5E-53E9-4EC8-BCBF-BE04228228E1}"
EndProject
Global
	GlobalSection(SolutionConfigurationPlatforms) = preSolution
		Debug|Any CPU = Debug|Any CPU
		Release|Any CPU = Release|Any CPU
	EndGlobalSection
	GlobalSection(ProjectConfigurationPlatforms) = postSolution
		{13EFB850-BF51-4F61-AF5A-EA25E61486AE}.Debug|Any CPU.ActiveCfg = Debug|Any CPU
		{13EFB850-BF51-4F61-AF5A-EA25E61486AE}.Debug|Any CPU.Build.0 = Debug|Any CPU
		{13EFB850-BF51-4F61-AF5A-EA25E61486AE}.Release|Any CPU.ActiveCfg = Release|Any CPU
		{13EFB850-BF51-4F61-AF5A-EA25E61486AE}.Release|Any CPU.Build.0 = Release|Any CPU
		{B6AD2D9D-A3DD-4A21-A716-E8BE8FD4581F}.Debug|Any CPU.ActiveCfg = Debug|Any CPU
		{B6AD2D9D-A3DD-4A21-A716-E8BE8FD4581F}.Debug|Any CPU.Build.0 = Debug|Any CPU
		{B6AD2D9D-A3DD-4A21-A716-E8BE8FD4581F}.Release|Any CPU.ActiveCfg = Release|Any CPU
		{B6AD2D9D-A3DD-4A21-A716-E8BE8FD4581F}.Release|Any CPU.Build.0 = Release|Any CPU
		{75EDD9AA-FF4F-42EC-991E-DDAFEB2922DC}.Debug|Any CPU.ActiveCfg = Debug|Any CPU
		{75EDD9AA-FF4F-42EC-991E-DDAFEB2922DC}.Debug|Any CPU.Build.0 = Debug|Any CPU
		{75EDD9AA-FF4F-42EC-991E-DDAFEB2922DC}.Release|Any CPU.ActiveCfg = Release|Any CPU
		{75EDD9AA-FF4F-42EC-991E-DDAFEB2922DC}.Release|Any CPU.Build.0 = Release|Any CPU
		{D7374DDE-5ED4-449A-92AF-DA321C759CE1}.Debug|Any CPU.ActiveCfg = Debug|Any CPU
		{D7374DDE-5ED4-449A-92AF-DA321C759CE1}.Debug|Any CPU.Build.0 = Debug|Any CPU
		{D7374DDE-5ED4-449A-92AF-DA321C759CE1}.Release|Any CPU.ActiveCfg = Release|Any CPU
		{D7374DDE-5ED4-449A-92AF-DA321C759CE1}.Release|Any CPU.Build.0 = Release|Any CPU
		{F7E5EB5E-53E9-4EC8-BCBF-BE04228228E1}.Debug|Any CPU.ActiveCfg = Debug|Any CPU
		{F7E5EB5E-53E9-4EC8-BCBF-BE04228228E1}.Debug|Any CPU.Build.0 = Debug|Any CPU
		{F7E5EB5E-53E9-4EC8-BCBF-BE04228228E1}.Release|Any CPU.ActiveCfg = Release|Any CPU
		{F7E5EB5E-53E9-4EC8-BCBF-BE04228228E1}.Release|Any CPU.Build.0 = Release|Any CPU
	EndGlobalSection
	GlobalSection(SolutionProperties) = preSolution
		HideSolutionNode = FALSE
	EndGlobalSection
	GlobalSection(ExtensibilityGlobals) = postSolution
		SolutionGuid = {1AA7A6AD-13BE-4165-B56A-93D13C840110}
	EndGlobalSection
EndGlobal
