
Microsoft Visual Studio Solution File, Format Version 12.00
# Visual Studio Version 17
VisualStudioVersion = 17.2.32616.157
MinimumVisualStudioVersion = 10.0.40219.1
Project("{FAE04EC0-301F-11D3-BF4B-00C04F79EFBC}") = "ConvertMeterstToKilometers", "ConvertMeterstToKilometers.csproj", "{D898C557-F4E0-48E6-8F38-2E81B063116F}"
EndProject
Project("{FAE04EC0-301F-11D3-BF4B-00C04F79EFBC}") = "PoundsToDollars", "..\PoundsToDollars\PoundsToDollars.csproj", "{781DD4A6-23AE-4F0B-8D94-91956496D47C}"
EndProject
Project("{FAE04EC0-301F-11D3-BF4B-00C04F79EFBC}") = "ExactSumOfRealNumbers", "..\ExactSumOfRealNumbers\ExactSumOfRealNumbers.csproj", "{DF2ADDFF-00AB-4423-8919-A130816781B8}"
EndProject
Project("{FAE04EC0-301F-11D3-BF4B-00C04F79EFBC}") = "CenturiesToMinutes", "..\CenturiesToMinutes\CenturiesToMinutes.csproj", "{81456021-8787-4DD1-BF65-49C55C3C07BD}"
EndProject
Project("{FAE04EC0-301F-11D3-BF4B-00C04F79EFBC}") = "SpecialNumbers", "..\SpecialNumbers\SpecialNumbers.csproj", "{8AE273BC-4929-459F-A48C-06A6370327C6}"
EndProject
Project("{FAE04EC0-301F-11D3-BF4B-00C04F79EFBC}") = "ReversedChars", "..\ReversedChars\ReversedChars.csproj", "{F7F89EC1-89FF-4D45-89F5-A67648E16D64}"
EndProject
Project("{FAE04EC0-301F-11D3-BF4B-00C04F79EFBC}") = "ConcatNames", "..\ConcatNames\ConcatNames.csproj", "{A919FA75-D8C5-42F9-BE52-A0430E7AB268}"
EndProject
Project("{FAE04EC0-301F-11D3-BF4B-00C04F79EFBC}") = "TownInfo", "..\TownInfo\TownInfo.csproj", "{FC3A7E9F-4055-4A5B-97D9-0981E054CFBB}"
EndProject
Project("{FAE04EC0-301F-11D3-BF4B-00C04F79EFBC}") = "CharsToString", "..\CharsToString\CharsToString.csproj", "{5AF4E2B3-D28E-4ED1-BD28-E10745E39AE6}"
EndProject
Project("{FAE04EC0-301F-11D3-BF4B-00C04F79EFBC}") = "LowerOrUpper", "..\LowerOrUpper\LowerOrUpper.csproj", "{64EED4A6-17F2-485F-A588-8EC25D918A68}"
EndProject
Project("{FAE04EC0-301F-11D3-BF4B-00C04F79EFBC}") = "RefactorVolumeOfPyramid", "..\RefactorVolumeOfPyramid\RefactorVolumeOfPyramid.csproj", "{6C4C765E-E4FD-4F15-B6D9-18E10CF54CD4}"
EndProject
Project("{FAE04EC0-301F-11D3-BF4B-00C04F79EFBC}") = "RefactorSpecialNumbers", "..\RefactorSpecialNumbers\RefactorSpecialNumbers.csproj", "{AD1E16EF-AA3E-4722-B80C-B8940D6DFAFF}"
EndProject
Global
	GlobalSection(SolutionConfigurationPlatforms) = preSolution
		Debug|Any CPU = Debug|Any CPU
		Release|Any CPU = Release|Any CPU
	EndGlobalSection
	GlobalSection(ProjectConfigurationPlatforms) = postSolution
		{D898C557-F4E0-48E6-8F38-2E81B063116F}.Debug|Any CPU.ActiveCfg = Debug|Any CPU
		{D898C557-F4E0-48E6-8F38-2E81B063116F}.Debug|Any CPU.Build.0 = Debug|Any CPU
		{D898C557-F4E0-48E6-8F38-2E81B063116F}.Release|Any CPU.ActiveCfg = Release|Any CPU
		{D898C557-F4E0-48E6-8F38-2E81B063116F}.Release|Any CPU.Build.0 = Release|Any CPU
		{781DD4A6-23AE-4F0B-8D94-91956496D47C}.Debug|Any CPU.ActiveCfg = Debug|Any CPU
		{781DD4A6-23AE-4F0B-8D94-91956496D47C}.Debug|Any CPU.Build.0 = Debug|Any CPU
		{781DD4A6-23AE-4F0B-8D94-91956496D47C}.Release|Any CPU.ActiveCfg = Release|Any CPU
		{781DD4A6-23AE-4F0B-8D94-91956496D47C}.Release|Any CPU.Build.0 = Release|Any CPU
		{DF2ADDFF-00AB-4423-8919-A130816781B8}.Debug|Any CPU.ActiveCfg = Debug|Any CPU
		{DF2ADDFF-00AB-4423-8919-A130816781B8}.Debug|Any CPU.Build.0 = Debug|Any CPU
		{DF2ADDFF-00AB-4423-8919-A130816781B8}.Release|Any CPU.ActiveCfg = Release|Any CPU
		{DF2ADDFF-00AB-4423-8919-A130816781B8}.Release|Any CPU.Build.0 = Release|Any CPU
		{81456021-8787-4DD1-BF65-49C55C3C07BD}.Debug|Any CPU.ActiveCfg = Debug|Any CPU
		{81456021-8787-4DD1-BF65-49C55C3C07BD}.Debug|Any CPU.Build.0 = Debug|Any CPU
		{81456021-8787-4DD1-BF65-49C55C3C07BD}.Release|Any CPU.ActiveCfg = Release|Any CPU
		{81456021-8787-4DD1-BF65-49C55C3C07BD}.Release|Any CPU.Build.0 = Release|Any CPU
		{8AE273BC-4929-459F-A48C-06A6370327C6}.Debug|Any CPU.ActiveCfg = Debug|Any CPU
		{8AE273BC-4929-459F-A48C-06A6370327C6}.Debug|Any CPU.Build.0 = Debug|Any CPU
		{8AE273BC-4929-459F-A48C-06A6370327C6}.Release|Any CPU.ActiveCfg = Release|Any CPU
		{8AE273BC-4929-459F-A48C-06A6370327C6}.Release|Any CPU.Build.0 = Release|Any CPU
		{F7F89EC1-89FF-4D45-89F5-A67648E16D64}.Debug|Any CPU.ActiveCfg = Debug|Any CPU
		{F7F89EC1-89FF-4D45-89F5-A67648E16D64}.Debug|Any CPU.Build.0 = Debug|Any CPU
		{F7F89EC1-89FF-4D45-89F5-A67648E16D64}.Release|Any CPU.ActiveCfg = Release|Any CPU
		{F7F89EC1-89FF-4D45-89F5-A67648E16D64}.Release|Any CPU.Build.0 = Release|Any CPU
		{A919FA75-D8C5-42F9-BE52-A0430E7AB268}.Debug|Any CPU.ActiveCfg = Debug|Any CPU
		{A919FA75-D8C5-42F9-BE52-A0430E7AB268}.Debug|Any CPU.Build.0 = Debug|Any CPU
		{A919FA75-D8C5-42F9-BE52-A0430E7AB268}.Release|Any CPU.ActiveCfg = Release|Any CPU
		{A919FA75-D8C5-42F9-BE52-A0430E7AB268}.Release|Any CPU.Build.0 = Release|Any CPU
		{FC3A7E9F-4055-4A5B-97D9-0981E054CFBB}.Debug|Any CPU.ActiveCfg = Debug|Any CPU
		{FC3A7E9F-4055-4A5B-97D9-0981E054CFBB}.Debug|Any CPU.Build.0 = Debug|Any CPU
		{FC3A7E9F-4055-4A5B-97D9-0981E054CFBB}.Release|Any CPU.ActiveCfg = Release|Any CPU
		{FC3A7E9F-4055-4A5B-97D9-0981E054CFBB}.Release|Any CPU.Build.0 = Release|Any CPU
		{5AF4E2B3-D28E-4ED1-BD28-E10745E39AE6}.Debug|Any CPU.ActiveCfg = Debug|Any CPU
		{5AF4E2B3-D28E-4ED1-BD28-E10745E39AE6}.Debug|Any CPU.Build.0 = Debug|Any CPU
		{5AF4E2B3-D28E-4ED1-BD28-E10745E39AE6}.Release|Any CPU.ActiveCfg = Release|Any CPU
		{5AF4E2B3-D28E-4ED1-BD28-E10745E39AE6}.Release|Any CPU.Build.0 = Release|Any CPU
		{64EED4A6-17F2-485F-A588-8EC25D918A68}.Debug|Any CPU.ActiveCfg = Debug|Any CPU
		{64EED4A6-17F2-485F-A588-8EC25D918A68}.Debug|Any CPU.Build.0 = Debug|Any CPU
		{64EED4A6-17F2-485F-A588-8EC25D918A68}.Release|Any CPU.ActiveCfg = Release|Any CPU
		{64EED4A6-17F2-485F-A588-8EC25D918A68}.Release|Any CPU.Build.0 = Release|Any CPU
		{6C4C765E-E4FD-4F15-B6D9-18E10CF54CD4}.Debug|Any CPU.ActiveCfg = Debug|Any CPU
		{6C4C765E-E4FD-4F15-B6D9-18E10CF54CD4}.Debug|Any CPU.Build.0 = Debug|Any CPU
		{6C4C765E-E4FD-4F15-B6D9-18E10CF54CD4}.Release|Any CPU.ActiveCfg = Release|Any CPU
		{6C4C765E-E4FD-4F15-B6D9-18E10CF54CD4}.Release|Any CPU.Build.0 = Release|Any CPU
		{AD1E16EF-AA3E-4722-B80C-B8940D6DFAFF}.Debug|Any CPU.ActiveCfg = Debug|Any CPU
		{AD1E16EF-AA3E-4722-B80C-B8940D6DFAFF}.Debug|Any CPU.Build.0 = Debug|Any CPU
		{AD1E16EF-AA3E-4722-B80C-B8940D6DFAFF}.Release|Any CPU.ActiveCfg = Release|Any CPU
		{AD1E16EF-AA3E-4722-B80C-B8940D6DFAFF}.Release|Any CPU.Build.0 = Release|Any CPU
	EndGlobalSection
	GlobalSection(SolutionProperties) = preSolution
		HideSolutionNode = FALSE
	EndGlobalSection
	GlobalSection(ExtensibilityGlobals) = postSolution
		SolutionGuid = {59B06886-9ED9-42F7-84C5-6BE7C7463A7B}
	EndGlobalSection
EndGlobal
