
Microsoft Visual Studio Solution File, Format Version 12.00
# Visual Studio Version 17
VisualStudioVersion = 17.2.32616.157
MinimumVisualStudioVersion = 10.0.40219.1
Project("{FAE04EC0-301F-11D3-BF4B-00C04F79EFBC}") = "Training2", "Training2\Training2.csproj", "{2773BB90-81B7-4352-86F1-4E437FABA524}"
EndProject
Global
	GlobalSection(SolutionConfigurationPlatforms) = preSolution
		Debug|Any CPU = Debug|Any CPU
		Release|Any CPU = Release|Any CPU
	EndGlobalSection
	GlobalSection(ProjectConfigurationPlatforms) = postSolution
		{2773BB90-81B7-4352-86F1-4E437FABA524}.Debug|Any CPU.ActiveCfg = Debug|Any CPU
		{2773BB90-81B7-4352-86F1-4E437FABA524}.Debug|Any CPU.Build.0 = Debug|Any CPU
		{2773BB90-81B7-4352-86F1-4E437FABA524}.Release|Any CPU.ActiveCfg = Release|Any CPU
		{2773BB90-81B7-4352-86F1-4E437FABA524}.Release|Any CPU.Build.0 = Release|Any CPU
	EndGlobalSection
	GlobalSection(SolutionProperties) = preSolution
		HideSolutionNode = FALSE
	EndGlobalSection
	GlobalSection(ExtensibilityGlobals) = postSolution
		SolutionGuid = {4FEC9B78-0174-4C4A-8750-FFCFFE78F778}
	EndGlobalSection
EndGlobal
